
Microsoft Visual Studio Solution File, Format Version 12.00
# Visual Studio Version 16
VisualStudioVersion = 16.0.34301.259
MinimumVisualStudioVersion = 10.0.40219.1
Project("{FAE04EC0-301F-11D3-BF4B-00C04F79EFBC}") = "my-books", "my-books\my-books.csproj", "{49CB9D09-F72D-44E0-9FA2-BC2839FF5C56}"
EndProject
Global
	GlobalSection(SolutionConfigurationPlatforms) = preSolution
		Debug|Any CPU = Debug|Any CPU
		Release|Any CPU = Release|Any CPU
	EndGlobalSection
	GlobalSection(ProjectConfigurationPlatforms) = postSolution
		{49CB9D09-F72D-44E0-9FA2-BC2839FF5C56}.Debug|Any CPU.ActiveCfg = Debug|Any CPU
		{49CB9D09-F72D-44E0-9FA2-BC2839FF5C56}.Debug|Any CPU.Build.0 = Debug|Any CPU
		{49CB9D09-F72D-44E0-9FA2-BC2839FF5C56}.Release|Any CPU.ActiveCfg = Release|Any CPU
		{49CB9D09-F72D-44E0-9FA2-BC2839FF5C56}.Release|Any CPU.Build.0 = Release|Any CPU
	EndGlobalSection
	GlobalSection(SolutionProperties) = preSolution
		HideSolutionNode = FALSE
	EndGlobalSection
	GlobalSection(ExtensibilityGlobals) = postSolution
		SolutionGuid = {EDD0BB75-B786-4F0E-874F-F6D758D6FA6F}
	EndGlobalSection
EndGlobal
